
Microsoft Visual Studio Solution File, Format Version 12.00
# Visual Studio 2013
VisualStudioVersion = 12.0.21005.1
MinimumVisualStudioVersion = 10.0.40219.1
Project("{FAE04EC0-301F-11D3-BF4B-00C04F79EFBC}") = "EasyLog", "EasyLog\EasyLog.csproj", "{1C39DD88-9B43-4B0F-8CBC-226470B761A6}"
EndProject
Project("{FAE04EC0-301F-11D3-BF4B-00C04F79EFBC}") = "Example", "Example\Example.csproj", "{14244344-051B-42ED-A2B1-0D5E77DEB8FE}"
EndProject
Global
	GlobalSection(SolutionConfigurationPlatforms) = preSolution
		Debug|Any CPU = Debug|Any CPU
		Release|Any CPU = Release|Any CPU
	EndGlobalSection
	GlobalSection(ProjectConfigurationPlatforms) = postSolution
		{1C39DD88-9B43-4B0F-8CBC-226470B761A6}.Debug|Any CPU.ActiveCfg = Debug|Any CPU
		{1C39DD88-9B43-4B0F-8CBC-226470B761A6}.Debug|Any CPU.Build.0 = Debug|Any CPU
		{1C39DD88-9B43-4B0F-8CBC-226470B761A6}.Release|Any CPU.ActiveCfg = Release|Any CPU
		{1C39DD88-9B43-4B0F-8CBC-226470B761A6}.Release|Any CPU.Build.0 = Release|Any CPU
		{14244344-051B-42ED-A2B1-0D5E77DEB8FE}.Debug|Any CPU.ActiveCfg = Debug|Any CPU
		{14244344-051B-42ED-A2B1-0D5E77DEB8FE}.Debug|Any CPU.Build.0 = Debug|Any CPU
		{14244344-051B-42ED-A2B1-0D5E77DEB8FE}.Release|Any CPU.ActiveCfg = Release|Any CPU
		{14244344-051B-42ED-A2B1-0D5E77DEB8FE}.Release|Any CPU.Build.0 = Release|Any CPU
	EndGlobalSection
	GlobalSection(SolutionProperties) = preSolution
		HideSolutionNode = FALSE
	EndGlobalSection
EndGlobal
